// !$*UTF8*$!
{
	archiveVersion = 1;
	classes = {
	};
	objectVersion = 46;
	objects = {

/* Begin PBXBuildFile section */
		05E16C3A1BBBA55100231B1C /* main.m in Sources */ = {isa = PBXBuildFile; fileRef = 05E16C391BBBA55100231B1C /* main.m */; };
		05E16C3D1BBBA55100231B1C /* AppDelegate.m in Sources */ = {isa = PBXBuildFile; fileRef = 05E16C3C1BBBA55100231B1C /* AppDelegate.m */; };
		05E16C431BBBA55100231B1C /* Main.storyboard in Resources */ = {isa = PBXBuildFile; fileRef = 05E16C411BBBA55100231B1C /* Main.storyboard */; };
		05E16C451BBBA55100231B1C /* Assets.xcassets in Resources */ = {isa = PBXBuildFile; fileRef = 05E16C441BBBA55100231B1C /* Assets.xcassets */; };
		05E16C481BBBA55100231B1C /* LaunchScreen.storyboard in Resources */ = {isa = PBXBuildFile; fileRef = 05E16C461BBBA55100231B1C /* LaunchScreen.storyboard */; };
		05E16C541BBBA70F00231B1C /* ThirdTableViewController.m in Sources */ = {isa = PBXBuildFile; fileRef = 05E16C531BBBA70F00231B1C /* ThirdTableViewController.m */; settings = {ASSET_TAGS = (); }; };
		05E16C571BBBB3A600231B1C /* FirstTableViewController.m in Sources */ = {isa = PBXBuildFile; fileRef = 05E16C561BBBB3A600231B1C /* FirstTableViewController.m */; settings = {ASSET_TAGS = (); }; };
		05E16C5A1BBBB3C300231B1C /* SecondSearchBar.m in Sources */ = {isa = PBXBuildFile; fileRef = 05E16C591BBBB3C300231B1C /* SecondSearchBar.m */; settings = {ASSET_TAGS = (); }; };
		05E16C621BBBC70E00231B1C /* Category.json in Resources */ = {isa = PBXBuildFile; fileRef = 05E16C611BBBC70E00231B1C /* Category.json */; settings = {ASSET_TAGS = (); }; };
		05E16CB41BBBC97200231B1C /* ac.jpg in Resources */ = {isa = PBXBuildFile; fileRef = 05E16C631BBBC97200231B1C /* ac.jpg */; settings = {ASSET_TAGS = (); }; };
		05E16CB51BBBC97200231B1C /* account.png in Resources */ = {isa = PBXBuildFile; fileRef = 05E16C641BBBC97200231B1C /* account.png */; settings = {ASSET_TAGS = (); }; };
		05E16CB61BBBC97200231B1C /* add_to_cart.png in Resources */ = {isa = PBXBuildFile; fileRef = 05E16C651BBBC97200231B1C /* add_to_cart.png */; settings = {ASSET_TAGS = (); }; };
		05E16CB71BBBC97200231B1C /* allnatural.jpeg in Resources */ = {isa = PBXBuildFile; fileRef = 05E16C661BBBC97200231B1C /* allnatural.jpeg */; settings = {ASSET_TAGS = (); }; };
		05E16CB81BBBC97200231B1C /* back-alt-24.png in Resources */ = {isa = PBXBuildFile; fileRef = 05E16C671BBBC97200231B1C /* back-alt-24.png */; settings = {ASSET_TAGS = (); }; };
		05E16CB91BBBC97200231B1C /* badam.jpg in Resources */ = {isa = PBXBuildFile; fileRef = 05E16C681BBBC97200231B1C /* badam.jpg */; settings = {ASSET_TAGS = (); }; };
		05E16CBA1BBBC97200231B1C /* basket.jpg in Resources */ = {isa = PBXBuildFile; fileRef = 05E16C691BBBC97200231B1C /* basket.jpg */; settings = {ASSET_TAGS = (); }; };
		05E16CBB1BBBC97200231B1C /* black_heart.png in Resources */ = {isa = PBXBuildFile; fileRef = 05E16C6A1BBBC97200231B1C /* black_heart.png */; settings = {ASSET_TAGS = (); }; };
		05E16CBC1BBBC97200231B1C /* buy_now.png in Resources */ = {isa = PBXBuildFile; fileRef = 05E16C6B1BBBC97200231B1C /* buy_now.png */; settings = {ASSET_TAGS = (); }; };
		05E16CBD1BBBC97200231B1C /* cancel.png in Resources */ = {isa = PBXBuildFile; fileRef = 05E16C6C1BBBC97200231B1C /* cancel.png */; settings = {ASSET_TAGS = (); }; };
		05E16CBE1BBBC97200231B1C /* cancel1.png in Resources */ = {isa = PBXBuildFile; fileRef = 05E16C6D1BBBC97200231B1C /* cancel1.png */; settings = {ASSET_TAGS = (); }; };
		05E16CBF1BBBC97200231B1C /* cancel2.png in Resources */ = {isa = PBXBuildFile; fileRef = 05E16C6E1BBBC97200231B1C /* cancel2.png */; settings = {ASSET_TAGS = (); }; };
		05E16CC01BBBC97200231B1C /* cart.png in Resources */ = {isa = PBXBuildFile; fileRef = 05E16C6F1BBBC97200231B1C /* cart.png */; settings = {ASSET_TAGS = (); }; };
		05E16CC11BBBC97200231B1C /* cart1.png in Resources */ = {isa = PBXBuildFile; fileRef = 05E16C701BBBC97200231B1C /* cart1.png */; settings = {ASSET_TAGS = (); }; };
		05E16CC21BBBC97200231B1C /* chair.jpg in Resources */ = {isa = PBXBuildFile; fileRef = 05E16C711BBBC97200231B1C /* chair.jpg */; settings = {ASSET_TAGS = (); }; };
		05E16CC31BBBC97200231B1C /* chandan.jpg in Resources */ = {isa = PBXBuildFile; fileRef = 05E16C721BBBC97200231B1C /* chandan.jpg */; settings = {ASSET_TAGS = (); }; };
		05E16CC41BBBC97200231B1C /* chocolate.jpg in Resources */ = {isa = PBXBuildFile; fileRef = 05E16C731BBBC97200231B1C /* chocolate.jpg */; settings = {ASSET_TAGS = (); }; };
		05E16CC51BBBC97200231B1C /* clock.png in Resources */ = {isa = PBXBuildFile; fileRef = 05E16C741BBBC97200231B1C /* clock.png */; settings = {ASSET_TAGS = (); }; };
		05E16CC61BBBC97200231B1C /* coffee.jpeg in Resources */ = {isa = PBXBuildFile; fileRef = 05E16C751BBBC97200231B1C /* coffee.jpeg */; settings = {ASSET_TAGS = (); }; };
		05E16CC71BBBC97200231B1C /* contact.png in Resources */ = {isa = PBXBuildFile; fileRef = 05E16C761BBBC97200231B1C /* contact.png */; settings = {ASSET_TAGS = (); }; };
		05E16CC81BBBC97200231B1C /* cosmetics.jpg in Resources */ = {isa = PBXBuildFile; fileRef = 05E16C771BBBC97200231B1C /* cosmetics.jpg */; settings = {ASSET_TAGS = (); }; };
		05E16CC91BBBC97200231B1C /* delete.png in Resources */ = {isa = PBXBuildFile; fileRef = 05E16C781BBBC97200231B1C /* delete.png */; settings = {ASSET_TAGS = (); }; };
		05E16CCA1BBBC97200231B1C /* download.png in Resources */ = {isa = PBXBuildFile; fileRef = 05E16C791BBBC97200231B1C /* download.png */; settings = {ASSET_TAGS = (); }; };
		05E16CCB1BBBC97200231B1C /* eyeconic.jpg in Resources */ = {isa = PBXBuildFile; fileRef = 05E16C7A1BBBC97200231B1C /* eyeconic.jpg */; settings = {ASSET_TAGS = (); }; };
		05E16CCC1BBBC97200231B1C /* favorite.png in Resources */ = {isa = PBXBuildFile; fileRef = 05E16C7B1BBBC97200231B1C /* favorite.png */; settings = {ASSET_TAGS = (); }; };
		05E16CCD1BBBC97200231B1C /* forward.png in Resources */ = {isa = PBXBuildFile; fileRef = 05E16C7C1BBBC97200231B1C /* forward.png */; settings = {ASSET_TAGS = (); }; };
		05E16CCE1BBBC97200231B1C /* furniture.jpg in Resources */ = {isa = PBXBuildFile; fileRef = 05E16C7D1BBBC97200231B1C /* furniture.jpg */; settings = {ASSET_TAGS = (); }; };
		05E16CCF1BBBC97200231B1C /* galary.png in Resources */ = {isa = PBXBuildFile; fileRef = 05E16C7E1BBBC97200231B1C /* galary.png */; settings = {ASSET_TAGS = (); }; };
		05E16CD01BBBC97200231B1C /* gifts.jpg in Resources */ = {isa = PBXBuildFile; fileRef = 05E16C7F1BBBC97200231B1C /* gifts.jpg */; settings = {ASSET_TAGS = (); }; };
		05E16CD11BBBC97200231B1C /* greeting.jpg in Resources */ = {isa = PBXBuildFile; fileRef = 05E16C801BBBC97200231B1C /* greeting.jpg */; settings = {ASSET_TAGS = (); }; };
		05E16CD21BBBC97200231B1C /* gulkand.jpg in Resources */ = {isa = PBXBuildFile; fileRef = 05E16C811BBBC97200231B1C /* gulkand.jpg */; settings = {ASSET_TAGS = (); }; };
		05E16CD31BBBC97200231B1C /* haldi.jpg in Resources */ = {isa = PBXBuildFile; fileRef = 05E16C821BBBC97200231B1C /* haldi.jpg */; settings = {ASSET_TAGS = (); }; };
		05E16CD41BBBC97200231B1C /* half_selected_star.png in Resources */ = {isa = PBXBuildFile; fileRef = 05E16C831BBBC97200231B1C /* half_selected_star.png */; settings = {ASSET_TAGS = (); }; };
		05E16CD51BBBC97200231B1C /* half_selected_star@2x.png in Resources */ = {isa = PBXBuildFile; fileRef = 05E16C841BBBC97200231B1C /* half_selected_star@2x.png */; settings = {ASSET_TAGS = (); }; };
		05E16CD61BBBC97200231B1C /* health_products.jpg in Resources */ = {isa = PBXBuildFile; fileRef = 05E16C851BBBC97200231B1C /* health_products.jpg */; settings = {ASSET_TAGS = (); }; };
		05E16CD71BBBC97200231B1C /* Heart_Pink.png in Resources */ = {isa = PBXBuildFile; fileRef = 05E16C861BBBC97200231B1C /* Heart_Pink.png */; settings = {ASSET_TAGS = (); }; };
		05E16CD81BBBC97200231B1C /* home_appliances.jpg in Resources */ = {isa = PBXBuildFile; fileRef = 05E16C871BBBC97200231B1C /* home_appliances.jpg */; settings = {ASSET_TAGS = (); }; };
		05E16CD91BBBC97200231B1C /* home-1.png in Resources */ = {isa = PBXBuildFile; fileRef = 05E16C881BBBC97200231B1C /* home-1.png */; settings = {ASSET_TAGS = (); }; };
		05E16CDA1BBBC97200231B1C /* home2.png in Resources */ = {isa = PBXBuildFile; fileRef = 05E16C891BBBC97200231B1C /* home2.png */; settings = {ASSET_TAGS = (); }; };
		05E16CDB1BBBC97200231B1C /* housefull.jpg in Resources */ = {isa = PBXBuildFile; fileRef = 05E16C8A1BBBC97200231B1C /* housefull.jpg */; settings = {ASSET_TAGS = (); }; };
		05E16CDC1BBBC97200231B1C /* kesar.jpg in Resources */ = {isa = PBXBuildFile; fileRef = 05E16C8B1BBBC97200231B1C /* kesar.jpg */; settings = {ASSET_TAGS = (); }; };
		05E16CDD1BBBC97200231B1C /* lakme.jpg in Resources */ = {isa = PBXBuildFile; fileRef = 05E16C8C1BBBC97200231B1C /* lakme.jpg */; settings = {ASSET_TAGS = (); }; };
		05E16CDE1BBBC97200231B1C /* lock.png in Resources */ = {isa = PBXBuildFile; fileRef = 05E16C8D1BBBC97200231B1C /* lock.png */; settings = {ASSET_TAGS = (); }; };
		05E16CDF1BBBC97200231B1C /* look.png in Resources */ = {isa = PBXBuildFile; fileRef = 05E16C8E1BBBC97200231B1C /* look.png */; settings = {ASSET_TAGS = (); }; };
		05E16CE01BBBC97200231B1C /* los-angeles.gif in Resources */ = {isa = PBXBuildFile; fileRef = 05E16C8F1BBBC97200231B1C /* los-angeles.gif */; settings = {ASSET_TAGS = (); }; };
		05E16CE11BBBC97200231B1C /* los-angeles2.gif in Resources */ = {isa = PBXBuildFile; fileRef = 05E16C901BBBC97200231B1C /* los-angeles2.gif */; settings = {ASSET_TAGS = (); }; };
		05E16CE21BBBC97200231B1C /* love.png in Resources */ = {isa = PBXBuildFile; fileRef = 05E16C911BBBC97200231B1C /* love.png */; settings = {ASSET_TAGS = (); }; };
		05E16CE31BBBC97200231B1C /* maybelline.jpg in Resources */ = {isa = PBXBuildFile; fileRef = 05E16C921BBBC97200231B1C /* maybelline.jpg */; settings = {ASSET_TAGS = (); }; };
		05E16CE41BBBC97200231B1C /* message.png in Resources */ = {isa = PBXBuildFile; fileRef = 05E16C931BBBC97200231B1C /* message.png */; settings = {ASSET_TAGS = (); }; };
		05E16CE51BBBC97200231B1C /* microwave.jpg in Resources */ = {isa = PBXBuildFile; fileRef = 05E16C941BBBC97200231B1C /* microwave.jpg */; settings = {ASSET_TAGS = (); }; };
		05E16CE61BBBC97200231B1C /* minus.png in Resources */ = {isa = PBXBuildFile; fileRef = 05E16C951BBBC97200231B1C /* minus.png */; settings = {ASSET_TAGS = (); }; };
		05E16CE71BBBC97200231B1C /* modern.jpg in Resources */ = {isa = PBXBuildFile; fileRef = 05E16C961BBBC97200231B1C /* modern.jpg */; settings = {ASSET_TAGS = (); }; };
		05E16CE81BBBC97200231B1C /* not_selected_star.png in Resources */ = {isa = PBXBuildFile; fileRef = 05E16C971BBBC97200231B1C /* not_selected_star.png */; settings = {ASSET_TAGS = (); }; };
		05E16CE91BBBC97200231B1C /* not_selected_star@2x.png in Resources */ = {isa = PBXBuildFile; fileRef = 05E16C981BBBC97200231B1C /* not_selected_star@2x.png */; settings = {ASSET_TAGS = (); }; };
		05E16CEA1BBBC97200231B1C /* notification.png in Resources */ = {isa = PBXBuildFile; fileRef = 05E16C991BBBC97200231B1C /* notification.png */; settings = {ASSET_TAGS = (); }; };
		05E16CEB1BBBC97200231B1C /* office-supplies.jpg in Resources */ = {isa = PBXBuildFile; fileRef = 05E16C9A1BBBC97200231B1C /* office-supplies.jpg */; settings = {ASSET_TAGS = (); }; };
		05E16CEC1BBBC97200231B1C /* ok.png in Resources */ = {isa = PBXBuildFile; fileRef = 05E16C9B1BBBC97200231B1C /* ok.png */; settings = {ASSET_TAGS = (); }; };
		05E16CED1BBBC97200231B1C /* olay.png in Resources */ = {isa = PBXBuildFile; fileRef = 05E16C9C1BBBC97200231B1C /* olay.png */; settings = {ASSET_TAGS = (); }; };
		05E16CEE1BBBC97200231B1C /* oriflame.jpg in Resources */ = {isa = PBXBuildFile; fileRef = 05E16C9D1BBBC97200231B1C /* oriflame.jpg */; settings = {ASSET_TAGS = (); }; };
		05E16CEF1BBBC97200231B1C /* photo.jpg in Resources */ = {isa = PBXBuildFile; fileRef = 05E16C9E1BBBC97200231B1C /* photo.jpg */; settings = {ASSET_TAGS = (); }; };
		05E16CF01BBBC97200231B1C /* profile.png in Resources */ = {isa = PBXBuildFile; fileRef = 05E16C9F1BBBC97200231B1C /* profile.png */; settings = {ASSET_TAGS = (); }; };
		05E16CF11BBBC97200231B1C /* refrigerators.jpg in Resources */ = {isa = PBXBuildFile; fileRef = 05E16CA01BBBC97200231B1C /* refrigerators.jpg */; settings = {ASSET_TAGS = (); }; };
		05E16CF21BBBC97200231B1C /* search.png in Resources */ = {isa = PBXBuildFile; fileRef = 05E16CA11BBBC97200231B1C /* search.png */; settings = {ASSET_TAGS = (); }; };
		05E16CF31BBBC97200231B1C /* selected_star.png in Resources */ = {isa = PBXBuildFile; fileRef = 05E16CA21BBBC97200231B1C /* selected_star.png */; settings = {ASSET_TAGS = (); }; };
		05E16CF41BBBC97200231B1C /* selected_star@2x.png in Resources */ = {isa = PBXBuildFile; fileRef = 05E16CA31BBBC97200231B1C /* selected_star@2x.png */; settings = {ASSET_TAGS = (); }; };
		05E16CF51BBBC97200231B1C /* sofa.jpg in Resources */ = {isa = PBXBuildFile; fileRef = 05E16CA41BBBC97200231B1C /* sofa.jpg */; settings = {ASSET_TAGS = (); }; };
		05E16CF61BBBC97200231B1C /* tv.jpg in Resources */ = {isa = PBXBuildFile; fileRef = 05E16CA51BBBC97200231B1C /* tv.jpg */; settings = {ASSET_TAGS = (); }; };
		05E16CF71BBBC97200231B1C /* upload.png in Resources */ = {isa = PBXBuildFile; fileRef = 05E16CA61BBBC97200231B1C /* upload.png */; settings = {ASSET_TAGS = (); }; };
		05E16CF81BBBC97200231B1C /* wallpaper1.png in Resources */ = {isa = PBXBuildFile; fileRef = 05E16CA71BBBC97200231B1C /* wallpaper1.png */; settings = {ASSET_TAGS = (); }; };
		05E16CF91BBBC97200231B1C /* wallpaper2.jpg in Resources */ = {isa = PBXBuildFile; fileRef = 05E16CA81BBBC97200231B1C /* wallpaper2.jpg */; settings = {ASSET_TAGS = (); }; };
		05E16CFA1BBBC97200231B1C /* wallpaper3.jpg in Resources */ = {isa = PBXBuildFile; fileRef = 05E16CA91BBBC97200231B1C /* wallpaper3.jpg */; settings = {ASSET_TAGS = (); }; };
		05E16CFB1BBBC97200231B1C /* wallpaper4.jpg in Resources */ = {isa = PBXBuildFile; fileRef = 05E16CAA1BBBC97200231B1C /* wallpaper4.jpg */; settings = {ASSET_TAGS = (); }; };
		05E16CFC1BBBC97200231B1C /* wallpaper5.jpg in Resources */ = {isa = PBXBuildFile; fileRef = 05E16CAB1BBBC97200231B1C /* wallpaper5.jpg */; settings = {ASSET_TAGS = (); }; };
		05E16CFD1BBBC97200231B1C /* wallpaper6.jpg in Resources */ = {isa = PBXBuildFile; fileRef = 05E16CAC1BBBC97200231B1C /* wallpaper6.jpg */; settings = {ASSET_TAGS = (); }; };
		05E16CFE1BBBC97200231B1C /* wallpaper7.jpg in Resources */ = {isa = PBXBuildFile; fileRef = 05E16CAD1BBBC97200231B1C /* wallpaper7.jpg */; settings = {ASSET_TAGS = (); }; };
		05E16CFF1BBBC97200231B1C /* wallpaper8.jpg in Resources */ = {isa = PBXBuildFile; fileRef = 05E16CAE1BBBC97200231B1C /* wallpaper8.jpg */; settings = {ASSET_TAGS = (); }; };
		05E16D001BBBC97200231B1C /* wallpaper9.jpg in Resources */ = {isa = PBXBuildFile; fileRef = 05E16CAF1BBBC97200231B1C /* wallpaper9.jpg */; settings = {ASSET_TAGS = (); }; };
		05E16D011BBBC97200231B1C /* wallpaper10.jpg in Resources */ = {isa = PBXBuildFile; fileRef = 05E16CB01BBBC97200231B1C /* wallpaper10.jpg */; settings = {ASSET_TAGS = (); }; };
		05E16D021BBBC97200231B1C /* washingmachine.jpg in Resources */ = {isa = PBXBuildFile; fileRef = 05E16CB11BBBC97200231B1C /* washingmachine.jpg */; settings = {ASSET_TAGS = (); }; };
		05E16D031BBBC97200231B1C /* wish_heart.png in Resources */ = {isa = PBXBuildFile; fileRef = 05E16CB21BBBC97200231B1C /* wish_heart.png */; settings = {ASSET_TAGS = (); }; };
		05E16D041BBBC97200231B1C /* wishlist.png in Resources */ = {isa = PBXBuildFile; fileRef = 05E16CB31BBBC97200231B1C /* wishlist.png */; settings = {ASSET_TAGS = (); }; };
		05E16D071BBBE2D300231B1C /* FourthTableViewController.m in Sources */ = {isa = PBXBuildFile; fileRef = 05E16D061BBBE2D300231B1C /* FourthTableViewController.m */; settings = {ASSET_TAGS = (); }; };
/* End PBXBuildFile section */

/* Begin PBXFileReference section */
		05E16C351BBBA55100231B1C /* level4assignment2.app */ = {isa = PBXFileReference; explicitFileType = wrapper.application; includeInIndex = 0; path = level4assignment2.app; sourceTree = BUILT_PRODUCTS_DIR; };
		05E16C391BBBA55100231B1C /* main.m */ = {isa = PBXFileReference; lastKnownFileType = sourcecode.c.objc; path = main.m; sourceTree = "<group>"; };
		05E16C3B1BBBA55100231B1C /* AppDelegate.h */ = {isa = PBXFileReference; lastKnownFileType = sourcecode.c.h; path = AppDelegate.h; sourceTree = "<group>"; };
		05E16C3C1BBBA55100231B1C /* AppDelegate.m */ = {isa = PBXFileReference; lastKnownFileType = sourcecode.c.objc; path = AppDelegate.m; sourceTree = "<group>"; };
		05E16C421BBBA55100231B1C /* Base */ = {isa = PBXFileReference; lastKnownFileType = file.storyboard; name = Base; path = Base.lproj/Main.storyboard; sourceTree = "<group>"; };
		05E16C441BBBA55100231B1C /* Assets.xcassets */ = {isa = PBXFileReference; lastKnownFileType = folder.assetcatalog; path = Assets.xcassets; sourceTree = "<group>"; };
		05E16C471BBBA55100231B1C /* Base */ = {isa = PBXFileReference; lastKnownFileType = file.storyboard; name = Base; path = Base.lproj/LaunchScreen.storyboard; sourceTree = "<group>"; };
		05E16C491BBBA55100231B1C /* Info.plist */ = {isa = PBXFileReference; lastKnownFileType = text.plist.xml; path = Info.plist; sourceTree = "<group>"; };
		05E16C521BBBA70F00231B1C /* ThirdTableViewController.h */ = {isa = PBXFileReference; fileEncoding = 4; lastKnownFileType = sourcecode.c.h; path = ThirdTableViewController.h; sourceTree = "<group>"; };
		05E16C531BBBA70F00231B1C /* ThirdTableViewController.m */ = {isa = PBXFileReference; fileEncoding = 4; lastKnownFileType = sourcecode.c.objc; path = ThirdTableViewController.m; sourceTree = "<group>"; };
		05E16C551BBBB3A600231B1C /* FirstTableViewController.h */ = {isa = PBXFileReference; fileEncoding = 4; lastKnownFileType = sourcecode.c.h; name = FirstTableViewController.h; path = ../FirstTableViewController.h; sourceTree = "<group>"; };
		05E16C561BBBB3A600231B1C /* FirstTableViewController.m */ = {isa = PBXFileReference; fileEncoding = 4; lastKnownFileType = sourcecode.c.objc; name = FirstTableViewController.m; path = ../FirstTableViewController.m; sourceTree = "<group>"; };
		05E16C581BBBB3C300231B1C /* SecondSearchBar.h */ = {isa = PBXFileReference; fileEncoding = 4; lastKnownFileType = sourcecode.c.h; name = SecondSearchBar.h; path = ../SecondSearchBar.h; sourceTree = "<group>"; };
		05E16C591BBBB3C300231B1C /* SecondSearchBar.m */ = {isa = PBXFileReference; fileEncoding = 4; lastKnownFileType = sourcecode.c.objc; name = SecondSearchBar.m; path = ../SecondSearchBar.m; sourceTree = "<group>"; };
		05E16C611BBBC70E00231B1C /* Category.json */ = {isa = PBXFileReference; fileEncoding = 4; lastKnownFileType = text.json; path = Category.json; sourceTree = "<group>"; };
		05E16C631BBBC97200231B1C /* ac.jpg */ = {isa = PBXFileReference; lastKnownFileType = image.jpeg; path = ac.jpg; sourceTree = "<group>"; };
		05E16C641BBBC97200231B1C /* account.png */ = {isa = PBXFileReference; lastKnownFileType = image.png; path = account.png; sourceTree = "<group>"; };
		05E16C651BBBC97200231B1C /* add_to_cart.png */ = {isa = PBXFileReference; lastKnownFileType = image.png; path = add_to_cart.png; sourceTree = "<group>"; };
		05E16C661BBBC97200231B1C /* allnatural.jpeg */ = {isa = PBXFileReference; lastKnownFileType = image.jpeg; path = allnatural.jpeg; sourceTree = "<group>"; };
		05E16C671BBBC97200231B1C /* back-alt-24.png */ = {isa = PBXFileReference; lastKnownFileType = image.png; path = "back-alt-24.png"; sourceTree = "<group>"; };
		05E16C681BBBC97200231B1C /* badam.jpg */ = {isa = PBXFileReference; lastKnownFileType = image.jpeg; path = badam.jpg; sourceTree = "<group>"; };
		05E16C691BBBC97200231B1C /* basket.jpg */ = {isa = PBXFileReference; lastKnownFileType = image.jpeg; path = basket.jpg; sourceTree = "<group>"; };
		05E16C6A1BBBC97200231B1C /* black_heart.png */ = {isa = PBXFileReference; lastKnownFileType = image.png; path = black_heart.png; sourceTree = "<group>"; };
		05E16C6B1BBBC97200231B1C /* buy_now.png */ = {isa = PBXFileReference; lastKnownFileType = image.png; path = buy_now.png; sourceTree = "<group>"; };
		05E16C6C1BBBC97200231B1C /* cancel.png */ = {isa = PBXFileReference; lastKnownFileType = image.png; path = cancel.png; sourceTree = "<group>"; };
		05E16C6D1BBBC97200231B1C /* cancel1.png */ = {isa = PBXFileReference; lastKnownFileType = image.png; path = cancel1.png; sourceTree = "<group>"; };
		05E16C6E1BBBC97200231B1C /* cancel2.png */ = {isa = PBXFileReference; lastKnownFileType = image.png; path = cancel2.png; sourceTree = "<group>"; };
		05E16C6F1BBBC97200231B1C /* cart.png */ = {isa = PBXFileReference; lastKnownFileType = image.png; path = cart.png; sourceTree = "<group>"; };
		05E16C701BBBC97200231B1C /* cart1.png */ = {isa = PBXFileReference; lastKnownFileType = image.png; path = cart1.png; sourceTree = "<group>"; };
		05E16C711BBBC97200231B1C /* chair.jpg */ = {isa = PBXFileReference; lastKnownFileType = image.jpeg; path = chair.jpg; sourceTree = "<group>"; };
		05E16C721BBBC97200231B1C /* chandan.jpg */ = {isa = PBXFileReference; lastKnownFileType = image.jpeg; path = chandan.jpg; sourceTree = "<group>"; };
		05E16C731BBBC97200231B1C /* chocolate.jpg */ = {isa = PBXFileReference; lastKnownFileType = image.jpeg; path = chocolate.jpg; sourceTree = "<group>"; };
		05E16C741BBBC97200231B1C /* clock.png */ = {isa = PBXFileReference; lastKnownFileType = image.png; path = clock.png; sourceTree = "<group>"; };
		05E16C751BBBC97200231B1C /* coffee.jpeg */ = {isa = PBXFileReference; lastKnownFileType = image.jpeg; path = coffee.jpeg; sourceTree = "<group>"; };
		05E16C761BBBC97200231B1C /* contact.png */ = {isa = PBXFileReference; lastKnownFileType = image.png; path = contact.png; sourceTree = "<group>"; };
		05E16C771BBBC97200231B1C /* cosmetics.jpg */ = {isa = PBXFileReference; lastKnownFileType = image.jpeg; path = cosmetics.jpg; sourceTree = "<group>"; };
		05E16C781BBBC97200231B1C /* delete.png */ = {isa = PBXFileReference; lastKnownFileType = image.png; path = delete.png; sourceTree = "<group>"; };
		05E16C791BBBC97200231B1C /* download.png */ = {isa = PBXFileReference; lastKnownFileType = image.png; path = download.png; sourceTree = "<group>"; };
		05E16C7A1BBBC97200231B1C /* eyeconic.jpg */ = {isa = PBXFileReference; lastKnownFileType = image.jpeg; path = eyeconic.jpg; sourceTree = "<group>"; };
		05E16C7B1BBBC97200231B1C /* favorite.png */ = {isa = PBXFileReference; lastKnownFileType = image.png; path = favorite.png; sourceTree = "<group>"; };
		05E16C7C1BBBC97200231B1C /* forward.png */ = {isa = PBXFileReference; lastKnownFileType = image.png; path = forward.png; sourceTree = "<group>"; };
		05E16C7D1BBBC97200231B1C /* furniture.jpg */ = {isa = PBXFileReference; lastKnownFileType = image.jpeg; path = furniture.jpg; sourceTree = "<group>"; };
		05E16C7E1BBBC97200231B1C /* galary.png */ = {isa = PBXFileReference; lastKnownFileType = image.png; path = galary.png; sourceTree = "<group>"; };
		05E16C7F1BBBC97200231B1C /* gifts.jpg */ = {isa = PBXFileReference; lastKnownFileType = image.jpeg; path = gifts.jpg; sourceTree = "<group>"; };
		05E16C801BBBC97200231B1C /* greeting.jpg */ = {isa = PBXFileReference; lastKnownFileType = image.jpeg; path = greeting.jpg; sourceTree = "<group>"; };
		05E16C811BBBC97200231B1C /* gulkand.jpg */ = {isa = PBXFileReference; lastKnownFileType = image.jpeg; path = gulkand.jpg; sourceTree = "<group>"; };
		05E16C821BBBC97200231B1C /* haldi.jpg */ = {isa = PBXFileReference; lastKnownFileType = image.jpeg; path = haldi.jpg; sourceTree = "<group>"; };
		05E16C831BBBC97200231B1C /* half_selected_star.png */ = {isa = PBXFileReference; lastKnownFileType = image.png; path = half_selected_star.png; sourceTree = "<group>"; };
		05E16C841BBBC97200231B1C /* half_selected_star@2x.png */ = {isa = PBXFileReference; lastKnownFileType = image.png; path = "half_selected_star@2x.png"; sourceTree = "<group>"; };
		05E16C851BBBC97200231B1C /* health_products.jpg */ = {isa = PBXFileReference; lastKnownFileType = image.jpeg; path = health_products.jpg; sourceTree = "<group>"; };
		05E16C861BBBC97200231B1C /* Heart_Pink.png */ = {isa = PBXFileReference; lastKnownFileType = image.png; path = Heart_Pink.png; sourceTree = "<group>"; };
		05E16C871BBBC97200231B1C /* home_appliances.jpg */ = {isa = PBXFileReference; lastKnownFileType = image.jpeg; path = home_appliances.jpg; sourceTree = "<group>"; };
		05E16C881BBBC97200231B1C /* home-1.png */ = {isa = PBXFileReference; lastKnownFileType = image.png; path = "home-1.png"; sourceTree = "<group>"; };
		05E16C891BBBC97200231B1C /* home2.png */ = {isa = PBXFileReference; lastKnownFileType = image.png; path = home2.png; sourceTree = "<group>"; };
		05E16C8A1BBBC97200231B1C /* housefull.jpg */ = {isa = PBXFileReference; lastKnownFileType = image.jpeg; path = housefull.jpg; sourceTree = "<group>"; };
		05E16C8B1BBBC97200231B1C /* kesar.jpg */ = {isa = PBXFileReference; lastKnownFileType = image.jpeg; path = kesar.jpg; sourceTree = "<group>"; };
		05E16C8C1BBBC97200231B1C /* lakme.jpg */ = {isa = PBXFileReference; lastKnownFileType = image.jpeg; path = lakme.jpg; sourceTree = "<group>"; };
		05E16C8D1BBBC97200231B1C /* lock.png */ = {isa = PBXFileReference; lastKnownFileType = image.png; path = lock.png; sourceTree = "<group>"; };
		05E16C8E1BBBC97200231B1C /* look.png */ = {isa = PBXFileReference; lastKnownFileType = image.png; path = look.png; sourceTree = "<group>"; };
		05E16C8F1BBBC97200231B1C /* los-angeles.gif */ = {isa = PBXFileReference; lastKnownFileType = image.gif; path = "los-angeles.gif"; sourceTree = "<group>"; };
		05E16C901BBBC97200231B1C /* los-angeles2.gif */ = {isa = PBXFileReference; lastKnownFileType = image.gif; path = "los-angeles2.gif"; sourceTree = "<group>"; };
		05E16C911BBBC97200231B1C /* love.png */ = {isa = PBXFileReference; lastKnownFileType = image.png; path = love.png; sourceTree = "<group>"; };
		05E16C921BBBC97200231B1C /* maybelline.jpg */ = {isa = PBXFileReference; lastKnownFileType = image.jpeg; path = maybelline.jpg; sourceTree = "<group>"; };
		05E16C931BBBC97200231B1C /* message.png */ = {isa = PBXFileReference; lastKnownFileType = image.png; path = message.png; sourceTree = "<group>"; };
		05E16C941BBBC97200231B1C /* microwave.jpg */ = {isa = PBXFileReference; lastKnownFileType = image.jpeg; path = microwave.jpg; sourceTree = "<group>"; };
		05E16C951BBBC97200231B1C /* minus.png */ = {isa = PBXFileReference; lastKnownFileType = image.png; path = minus.png; sourceTree = "<group>"; };
		05E16C961BBBC97200231B1C /* modern.jpg */ = {isa = PBXFileReference; lastKnownFileType = image.jpeg; path = modern.jpg; sourceTree = "<group>"; };
		05E16C971BBBC97200231B1C /* not_selected_star.png */ = {isa = PBXFileReference; lastKnownFileType = image.png; path = not_selected_star.png; sourceTree = "<group>"; };
		05E16C981BBBC97200231B1C /* not_selected_star@2x.png */ = {isa = PBXFileReference; lastKnownFileType = image.png; path = "not_selected_star@2x.png"; sourceTree = "<group>"; };
		05E16C991BBBC97200231B1C /* notification.png */ = {isa = PBXFileReference; lastKnownFileType = image.png; path = notification.png; sourceTree = "<group>"; };
		05E16C9A1BBBC97200231B1C /* office-supplies.jpg */ = {isa = PBXFileReference; lastKnownFileType = image.jpeg; path = "office-supplies.jpg"; sourceTree = "<group>"; };
		05E16C9B1BBBC97200231B1C /* ok.png */ = {isa = PBXFileReference; lastKnownFileType = image.png; path = ok.png; sourceTree = "<group>"; };
		05E16C9C1BBBC97200231B1C /* olay.png */ = {isa = PBXFileReference; lastKnownFileType = image.png; path = olay.png; sourceTree = "<group>"; };
		05E16C9D1BBBC97200231B1C /* oriflame.jpg */ = {isa = PBXFileReference; lastKnownFileType = image.jpeg; path = oriflame.jpg; sourceTree = "<group>"; };
		05E16C9E1BBBC97200231B1C /* photo.jpg */ = {isa = PBXFileReference; lastKnownFileType = image.jpeg; path = photo.jpg; sourceTree = "<group>"; };
		05E16C9F1BBBC97200231B1C /* profile.png */ = {isa = PBXFileReference; lastKnownFileType = image.png; path = profile.png; sourceTree = "<group>"; };
		05E16CA01BBBC97200231B1C /* refrigerators.jpg */ = {isa = PBXFileReference; lastKnownFileType = image.jpeg; path = refrigerators.jpg; sourceTree = "<group>"; };
		05E16CA11BBBC97200231B1C /* search.png */ = {isa = PBXFileReference; lastKnownFileType = image.png; path = search.png; sourceTree = "<group>"; };
		05E16CA21BBBC97200231B1C /* selected_star.png */ = {isa = PBXFileReference; lastKnownFileType = image.png; path = selected_star.png; sourceTree = "<group>"; };
		05E16CA31BBBC97200231B1C /* selected_star@2x.png */ = {isa = PBXFileReference; lastKnownFileType = image.png; path = "selected_star@2x.png"; sourceTree = "<group>"; };
		05E16CA41BBBC97200231B1C /* sofa.jpg */ = {isa = PBXFileReference; lastKnownFileType = image.jpeg; path = sofa.jpg; sourceTree = "<group>"; };
		05E16CA51BBBC97200231B1C /* tv.jpg */ = {isa = PBXFileReference; lastKnownFileType = image.jpeg; path = tv.jpg; sourceTree = "<group>"; };
		05E16CA61BBBC97200231B1C /* upload.png */ = {isa = PBXFileReference; lastKnownFileType = image.png; path = upload.png; sourceTree = "<group>"; };
		05E16CA71BBBC97200231B1C /* wallpaper1.png */ = {isa = PBXFileReference; lastKnownFileType = image.png; path = wallpaper1.png; sourceTree = "<group>"; };
		05E16CA81BBBC97200231B1C /* wallpaper2.jpg */ = {isa = PBXFileReference; lastKnownFileType = image.jpeg; path = wallpaper2.jpg; sourceTree = "<group>"; };
		05E16CA91BBBC97200231B1C /* wallpaper3.jpg */ = {isa = PBXFileReference; lastKnownFileType = image.jpeg; path = wallpaper3.jpg; sourceTree = "<group>"; };
		05E16CAA1BBBC97200231B1C /* wallpaper4.jpg */ = {isa = PBXFileReference; lastKnownFileType = image.jpeg; path = wallpaper4.jpg; sourceTree = "<group>"; };
		05E16CAB1BBBC97200231B1C /* wallpaper5.jpg */ = {isa = PBXFileReference; lastKnownFileType = image.jpeg; path = wallpaper5.jpg; sourceTree = "<group>"; };
		05E16CAC1BBBC97200231B1C /* wallpaper6.jpg */ = {isa = PBXFileReference; lastKnownFileType = image.jpeg; path = wallpaper6.jpg; sourceTree = "<group>"; };
		05E16CAD1BBBC97200231B1C /* wallpaper7.jpg */ = {isa = PBXFileReference; lastKnownFileType = image.jpeg; path = wallpaper7.jpg; sourceTree = "<group>"; };
		05E16CAE1BBBC97200231B1C /* wallpaper8.jpg */ = {isa = PBXFileReference; lastKnownFileType = image.jpeg; path = wallpaper8.jpg; sourceTree = "<group>"; };
		05E16CAF1BBBC97200231B1C /* wallpaper9.jpg */ = {isa = PBXFileReference; lastKnownFileType = image.jpeg; path = wallpaper9.jpg; sourceTree = "<group>"; };
		05E16CB01BBBC97200231B1C /* wallpaper10.jpg */ = {isa = PBXFileReference; lastKnownFileType = image.jpeg; path = wallpaper10.jpg; sourceTree = "<group>"; };
		05E16CB11BBBC97200231B1C /* washingmachine.jpg */ = {isa = PBXFileReference; lastKnownFileType = image.jpeg; path = washingmachine.jpg; sourceTree = "<group>"; };
		05E16CB21BBBC97200231B1C /* wish_heart.png */ = {isa = PBXFileReference; lastKnownFileType = image.png; path = wish_heart.png; sourceTree = "<group>"; };
		05E16CB31BBBC97200231B1C /* wishlist.png */ = {isa = PBXFileReference; lastKnownFileType = image.png; path = wishlist.png; sourceTree = "<group>"; };
		05E16D051BBBE2D300231B1C /* FourthTableViewController.h */ = {isa = PBXFileReference; fileEncoding = 4; lastKnownFileType = sourcecode.c.h; path = FourthTableViewController.h; sourceTree = "<group>"; };
		05E16D061BBBE2D300231B1C /* FourthTableViewController.m */ = {isa = PBXFileReference; fileEncoding = 4; lastKnownFileType = sourcecode.c.objc; path = FourthTableViewController.m; sourceTree = "<group>"; };
/* End PBXFileReference section */

/* Begin PBXFrameworksBuildPhase section */
		05E16C321BBBA55100231B1C /* Frameworks */ = {
			isa = PBXFrameworksBuildPhase;
			buildActionMask = 2147483647;
			files = (
			);
			runOnlyForDeploymentPostprocessing = 0;
		};
/* End PBXFrameworksBuildPhase section */

/* Begin PBXGroup section */
		05E16C2C1BBBA55100231B1C = {
			isa = PBXGroup;
			children = (
				05E16C371BBBA55100231B1C /* level4assignment2 */,
				05E16C361BBBA55100231B1C /* Products */,
			);
			sourceTree = "<group>";
		};
		05E16C361BBBA55100231B1C /* Products */ = {
			isa = PBXGroup;
			children = (
				05E16C351BBBA55100231B1C /* level4assignment2.app */,
			);
			name = Products;
			sourceTree = "<group>";
		};
		05E16C371BBBA55100231B1C /* level4assignment2 */ = {
			isa = PBXGroup;
			children = (
				05E16C631BBBC97200231B1C /* ac.jpg */,
				05E16C641BBBC97200231B1C /* account.png */,
				05E16C651BBBC97200231B1C /* add_to_cart.png */,
				05E16C661BBBC97200231B1C /* allnatural.jpeg */,
				05E16C671BBBC97200231B1C /* back-alt-24.png */,
				05E16C681BBBC97200231B1C /* badam.jpg */,
				05E16C691BBBC97200231B1C /* basket.jpg */,
				05E16C6A1BBBC97200231B1C /* black_heart.png */,
				05E16C6B1BBBC97200231B1C /* buy_now.png */,
				05E16C6C1BBBC97200231B1C /* cancel.png */,
				05E16C6D1BBBC97200231B1C /* cancel1.png */,
				05E16C6E1BBBC97200231B1C /* cancel2.png */,
				05E16C6F1BBBC97200231B1C /* cart.png */,
				05E16C701BBBC97200231B1C /* cart1.png */,
				05E16C711BBBC97200231B1C /* chair.jpg */,
				05E16C721BBBC97200231B1C /* chandan.jpg */,
				05E16C731BBBC97200231B1C /* chocolate.jpg */,
				05E16C741BBBC97200231B1C /* clock.png */,
				05E16C751BBBC97200231B1C /* coffee.jpeg */,
				05E16C761BBBC97200231B1C /* contact.png */,
				05E16C771BBBC97200231B1C /* cosmetics.jpg */,
				05E16C781BBBC97200231B1C /* delete.png */,
				05E16C791BBBC97200231B1C /* download.png */,
				05E16C7A1BBBC97200231B1C /* eyeconic.jpg */,
				05E16C7B1BBBC97200231B1C /* favorite.png */,
				05E16C7C1BBBC97200231B1C /* forward.png */,
				05E16C7D1BBBC97200231B1C /* furniture.jpg */,
				05E16C7E1BBBC97200231B1C /* galary.png */,
				05E16C7F1BBBC97200231B1C /* gifts.jpg */,
				05E16C801BBBC97200231B1C /* greeting.jpg */,
				05E16C811BBBC97200231B1C /* gulkand.jpg */,
				05E16C821BBBC97200231B1C /* haldi.jpg */,
				05E16C831BBBC97200231B1C /* half_selected_star.png */,
				05E16C841BBBC97200231B1C /* half_selected_star@2x.png */,
				05E16C851BBBC97200231B1C /* health_products.jpg */,
				05E16C861BBBC97200231B1C /* Heart_Pink.png */,
				05E16C871BBBC97200231B1C /* home_appliances.jpg */,
				05E16C881BBBC97200231B1C /* home-1.png */,
				05E16C891BBBC97200231B1C /* home2.png */,
				05E16C8A1BBBC97200231B1C /* housefull.jpg */,
				05E16C8B1BBBC97200231B1C /* kesar.jpg */,
				05E16C8C1BBBC97200231B1C /* lakme.jpg */,
				05E16C8D1BBBC97200231B1C /* lock.png */,
				05E16C8E1BBBC97200231B1C /* look.png */,
				05E16C8F1BBBC97200231B1C /* los-angeles.gif */,
				05E16C901BBBC97200231B1C /* los-angeles2.gif */,
				05E16C911BBBC97200231B1C /* love.png */,
				05E16C921BBBC97200231B1C /* maybelline.jpg */,
				05E16C931BBBC97200231B1C /* message.png */,
				05E16C941BBBC97200231B1C /* microwave.jpg */,
				05E16C951BBBC97200231B1C /* minus.png */,
				05E16C961BBBC97200231B1C /* modern.jpg */,
				05E16C971BBBC97200231B1C /* not_selected_star.png */,
				05E16C981BBBC97200231B1C /* not_selected_star@2x.png */,
				05E16C991BBBC97200231B1C /* notification.png */,
				05E16C9A1BBBC97200231B1C /* office-supplies.jpg */,
				05E16C9B1BBBC97200231B1C /* ok.png */,
				05E16C9C1BBBC97200231B1C /* olay.png */,
				05E16C9D1BBBC97200231B1C /* oriflame.jpg */,
				05E16C9E1BBBC97200231B1C /* photo.jpg */,
				05E16C9F1BBBC97200231B1C /* profile.png */,
				05E16CA01BBBC97200231B1C /* refrigerators.jpg */,
				05E16CA11BBBC97200231B1C /* search.png */,
				05E16CA21BBBC97200231B1C /* selected_star.png */,
				05E16CA31BBBC97200231B1C /* selected_star@2x.png */,
				05E16CA41BBBC97200231B1C /* sofa.jpg */,
				05E16CA51BBBC97200231B1C /* tv.jpg */,
				05E16CA61BBBC97200231B1C /* upload.png */,
				05E16CA71BBBC97200231B1C /* wallpaper1.png */,
				05E16CA81BBBC97200231B1C /* wallpaper2.jpg */,
				05E16CA91BBBC97200231B1C /* wallpaper3.jpg */,
				05E16CAA1BBBC97200231B1C /* wallpaper4.jpg */,
				05E16CAB1BBBC97200231B1C /* wallpaper5.jpg */,
				05E16CAC1BBBC97200231B1C /* wallpaper6.jpg */,
				05E16CAD1BBBC97200231B1C /* wallpaper7.jpg */,
				05E16CAE1BBBC97200231B1C /* wallpaper8.jpg */,
				05E16CAF1BBBC97200231B1C /* wallpaper9.jpg */,
				05E16CB01BBBC97200231B1C /* wallpaper10.jpg */,
				05E16CB11BBBC97200231B1C /* washingmachine.jpg */,
				05E16CB21BBBC97200231B1C /* wish_heart.png */,
				05E16CB31BBBC97200231B1C /* wishlist.png */,
				05E16C3B1BBBA55100231B1C /* AppDelegate.h */,
				05E16C551BBBB3A600231B1C /* FirstTableViewController.h */,
				05E16D051BBBE2D300231B1C /* FourthTableViewController.h */,
				05E16D061BBBE2D300231B1C /* FourthTableViewController.m */,
				05E16C581BBBB3C300231B1C /* SecondSearchBar.h */,
				05E16C521BBBA70F00231B1C /* ThirdTableViewController.h */,
				05E16C611BBBC70E00231B1C /* Category.json */,
				05E16C3C1BBBA55100231B1C /* AppDelegate.m */,
				05E16C561BBBB3A600231B1C /* FirstTableViewController.m */,
				05E16C591BBBB3C300231B1C /* SecondSearchBar.m */,
				05E16C531BBBA70F00231B1C /* ThirdTableViewController.m */,
				05E16C491BBBA55100231B1C /* Info.plist */,
				05E16C441BBBA55100231B1C /* Assets.xcassets */,
				05E16C461BBBA55100231B1C /* LaunchScreen.storyboard */,
				05E16C411BBBA55100231B1C /* Main.storyboard */,
				05E16C381BBBA55100231B1C /* Supporting Files */,
			);
			path = level4assignment2;
			sourceTree = "<group>";
		};
		05E16C381BBBA55100231B1C /* Supporting Files */ = {
			isa = PBXGroup;
			children = (
				05E16C391BBBA55100231B1C /* main.m */,
			);
			name = "Supporting Files";
			sourceTree = "<group>";
		};
/* End PBXGroup section */

/* Begin PBXNativeTarget section */
		05E16C341BBBA55100231B1C /* level4assignment2 */ = {
			isa = PBXNativeTarget;
			buildConfigurationList = 05E16C4C1BBBA55100231B1C /* Build configuration list for PBXNativeTarget "level4assignment2" */;
			buildPhases = (
				05E16C311BBBA55100231B1C /* Sources */,
				05E16C321BBBA55100231B1C /* Frameworks */,
				05E16C331BBBA55100231B1C /* Resources */,
			);
			buildRules = (
			);
			dependencies = (
			);
			name = level4assignment2;
			productName = level4assignment2;
			productReference = 05E16C351BBBA55100231B1C /* level4assignment2.app */;
			productType = "com.apple.product-type.application";
		};
/* End PBXNativeTarget section */

/* Begin PBXProject section */
		05E16C2D1BBBA55100231B1C /* Project object */ = {
			isa = PBXProject;
			attributes = {
				LastUpgradeCheck = 0700;
				ORGANIZATIONNAME = "Mindstix Software Labs";
				TargetAttributes = {
					05E16C341BBBA55100231B1C = {
						CreatedOnToolsVersion = 7.0;
					};
				};
			};
			buildConfigurationList = 05E16C301BBBA55100231B1C /* Build configuration list for PBXProject "level4assignment2" */;
			compatibilityVersion = "Xcode 3.2";
			developmentRegion = English;
			hasScannedForEncodings = 0;
			knownRegions = (
				en,
				Base,
			);
			mainGroup = 05E16C2C1BBBA55100231B1C;
			productRefGroup = 05E16C361BBBA55100231B1C /* Products */;
			projectDirPath = "";
			projectRoot = "";
			targets = (
				05E16C341BBBA55100231B1C /* level4assignment2 */,
			);
		};
/* End PBXProject section */

/* Begin PBXResourcesBuildPhase section */
		05E16C331BBBA55100231B1C /* Resources */ = {
			isa = PBXResourcesBuildPhase;
			buildActionMask = 2147483647;
			files = (
				05E16CB41BBBC97200231B1C /* ac.jpg in Resources */,
				05E16CC01BBBC97200231B1C /* cart.png in Resources */,
				05E16CDD1BBBC97200231B1C /* lakme.jpg in Resources */,
				05E16CD51BBBC97200231B1C /* half_selected_star@2x.png in Resources */,
				05E16CC41BBBC97200231B1C /* chocolate.jpg in Resources */,
				05E16CF11BBBC97200231B1C /* refrigerators.jpg in Resources */,
				05E16CD21BBBC97200231B1C /* gulkand.jpg in Resources */,
				05E16CDA1BBBC97200231B1C /* home2.png in Resources */,
				05E16CB91BBBC97200231B1C /* badam.jpg in Resources */,
				05E16CDB1BBBC97200231B1C /* housefull.jpg in Resources */,
				05E16CB51BBBC97200231B1C /* account.png in Resources */,
				05E16CED1BBBC97200231B1C /* olay.png in Resources */,
				05E16C481BBBA55100231B1C /* LaunchScreen.storyboard in Resources */,
				05E16CEA1BBBC97200231B1C /* notification.png in Resources */,
				05E16CF01BBBC97200231B1C /* profile.png in Resources */,
				05E16CEB1BBBC97200231B1C /* office-supplies.jpg in Resources */,
				05E16CE31BBBC97200231B1C /* maybelline.jpg in Resources */,
				05E16CC91BBBC97200231B1C /* delete.png in Resources */,
				05E16CDE1BBBC97200231B1C /* lock.png in Resources */,
				05E16CF81BBBC97200231B1C /* wallpaper1.png in Resources */,
				05E16CB81BBBC97200231B1C /* back-alt-24.png in Resources */,
				05E16CE91BBBC97200231B1C /* not_selected_star@2x.png in Resources */,
				05E16CD11BBBC97200231B1C /* greeting.jpg in Resources */,
				05E16CB71BBBC97200231B1C /* allnatural.jpeg in Resources */,
				05E16CCD1BBBC97200231B1C /* forward.png in Resources */,
				05E16CC11BBBC97200231B1C /* cart1.png in Resources */,
				05E16CE41BBBC97200231B1C /* message.png in Resources */,
				05E16CF51BBBC97200231B1C /* sofa.jpg in Resources */,
				05E16CCB1BBBC97200231B1C /* eyeconic.jpg in Resources */,
				05E16CEC1BBBC97200231B1C /* ok.png in Resources */,
				05E16CBF1BBBC97200231B1C /* cancel2.png in Resources */,
				05E16CEE1BBBC97200231B1C /* oriflame.jpg in Resources */,
				05E16CD81BBBC97200231B1C /* home_appliances.jpg in Resources */,
				05E16CE61BBBC97200231B1C /* minus.png in Resources */,
				05E16CBB1BBBC97200231B1C /* black_heart.png in Resources */,
				05E16CE81BBBC97200231B1C /* not_selected_star.png in Resources */,
				05E16CCC1BBBC97200231B1C /* favorite.png in Resources */,
				05E16CC21BBBC97200231B1C /* chair.jpg in Resources */,
				05E16CEF1BBBC97200231B1C /* photo.jpg in Resources */,
				05E16CDC1BBBC97200231B1C /* kesar.jpg in Resources */,
				05E16CB61BBBC97200231B1C /* add_to_cart.png in Resources */,
				05E16CFB1BBBC97200231B1C /* wallpaper4.jpg in Resources */,
				05E16CCA1BBBC97200231B1C /* download.png in Resources */,
				05E16D011BBBC97200231B1C /* wallpaper10.jpg in Resources */,
				05E16CFD1BBBC97200231B1C /* wallpaper6.jpg in Resources */,
				05E16CE71BBBC97200231B1C /* modern.jpg in Resources */,
				05E16CF71BBBC97200231B1C /* upload.png in Resources */,
				05E16C451BBBA55100231B1C /* Assets.xcassets in Resources */,
				05E16CF31BBBC97200231B1C /* selected_star.png in Resources */,
				05E16CCE1BBBC97200231B1C /* furniture.jpg in Resources */,
				05E16CF41BBBC97200231B1C /* selected_star@2x.png in Resources */,
				05E16CC81BBBC97200231B1C /* cosmetics.jpg in Resources */,
				05E16CBD1BBBC97200231B1C /* cancel.png in Resources */,
				05E16C431BBBA55100231B1C /* Main.storyboard in Resources */,
				05E16CDF1BBBC97200231B1C /* look.png in Resources */,
				05E16CFA1BBBC97200231B1C /* wallpaper3.jpg in Resources */,
				05E16CC31BBBC97200231B1C /* chandan.jpg in Resources */,
				05E16CD31BBBC97200231B1C /* haldi.jpg in Resources */,
				05E16CBE1BBBC97200231B1C /* cancel1.png in Resources */,
				05E16CD91BBBC97200231B1C /* home-1.png in Resources */,
				05E16CD01BBBC97200231B1C /* gifts.jpg in Resources */,
				05E16CC71BBBC97200231B1C /* contact.png in Resources */,
				05E16CD41BBBC97200231B1C /* half_selected_star.png in Resources */,
				05E16D031BBBC97200231B1C /* wish_heart.png in Resources */,
				05E16CC51BBBC97200231B1C /* clock.png in Resources */,
				05E16CE51BBBC97200231B1C /* microwave.jpg in Resources */,
				05E16CFC1BBBC97200231B1C /* wallpaper5.jpg in Resources */,
				05E16D041BBBC97200231B1C /* wishlist.png in Resources */,
				05E16CF21BBBC97200231B1C /* search.png in Resources */,
				05E16CC61BBBC97200231B1C /* coffee.jpeg in Resources */,
				05E16CBA1BBBC97200231B1C /* basket.jpg in Resources */,
				05E16CD61BBBC97200231B1C /* health_products.jpg in Resources */,
				05E16CE21BBBC97200231B1C /* love.png in Resources */,
				05E16CE11BBBC97200231B1C /* los-angeles2.gif in Resources */,
				05E16CF91BBBC97200231B1C /* wallpaper2.jpg in Resources */,
				05E16CFE1BBBC97200231B1C /* wallpaper7.jpg in Resources */,
				05E16CCF1BBBC97200231B1C /* galary.png in Resources */,
				05E16CE01BBBC97200231B1C /* los-angeles.gif in Resources */,
				05E16C621BBBC70E00231B1C /* Category.json in Resources */,
				05E16D001BBBC97200231B1C /* wallpaper9.jpg in Resources */,
				05E16CD71BBBC97200231B1C /* Heart_Pink.png in Resources */,
				05E16CFF1BBBC97200231B1C /* wallpaper8.jpg in Resources */,
				05E16CF61BBBC97200231B1C /* tv.jpg in Resources */,
				05E16CBC1BBBC97200231B1C /* buy_now.png in Resources */,
				05E16D021BBBC97200231B1C /* washingmachine.jpg in Resources */,
			);
			runOnlyForDeploymentPostprocessing = 0;
		};
/* End PBXResourcesBuildPhase section */

/* Begin PBXSourcesBuildPhase section */
		05E16C311BBBA55100231B1C /* Sources */ = {
			isa = PBXSourcesBuildPhase;
			buildActionMask = 2147483647;
			files = (
				05E16C541BBBA70F00231B1C /* ThirdTableViewController.m in Sources */,
				05E16C571BBBB3A600231B1C /* FirstTableViewController.m in Sources */,
				05E16C3D1BBBA55100231B1C /* AppDelegate.m in Sources */,
				05E16D071BBBE2D300231B1C /* FourthTableViewController.m in Sources */,
				05E16C5A1BBBB3C300231B1C /* SecondSearchBar.m in Sources */,
				05E16C3A1BBBA55100231B1C /* main.m in Sources */,
			);
			runOnlyForDeploymentPostprocessing = 0;
		};
/* End PBXSourcesBuildPhase section */

/* Begin PBXVariantGroup section */
		05E16C411BBBA55100231B1C /* Main.storyboard */ = {
			isa = PBXVariantGroup;
			children = (
				05E16C421BBBA55100231B1C /* Base */,
			);
			name = Main.storyboard;
			sourceTree = "<group>";
		};
		05E16C461BBBA55100231B1C /* LaunchScreen.storyboard */ = {
			isa = PBXVariantGroup;
			children = (
				05E16C471BBBA55100231B1C /* Base */,
			);
			name = LaunchScreen.storyboard;
			sourceTree = "<group>";
		};
/* End PBXVariantGroup section */

/* Begin XCBuildConfiguration section */
		05E16C4A1BBBA55100231B1C /* Debug */ = {
			isa = XCBuildConfiguration;
			buildSettings = {
				ALWAYS_SEARCH_USER_PATHS = NO;
				CLANG_CXX_LANGUAGE_STANDARD = "gnu++0x";
				CLANG_CXX_LIBRARY = "libc++";
				CLANG_ENABLE_MODULES = YES;
				CLANG_ENABLE_OBJC_ARC = YES;
				CLANG_WARN_BOOL_CONVERSION = YES;
				CLANG_WARN_CONSTANT_CONVERSION = YES;
				CLANG_WARN_DIRECT_OBJC_ISA_USAGE = YES_ERROR;
				CLANG_WARN_EMPTY_BODY = YES;
				CLANG_WARN_ENUM_CONVERSION = YES;
				CLANG_WARN_INT_CONVERSION = YES;
				CLANG_WARN_OBJC_ROOT_CLASS = YES_ERROR;
				CLANG_WARN_UNREACHABLE_CODE = YES;
				CLANG_WARN__DUPLICATE_METHOD_MATCH = YES;
				"CODE_SIGN_IDENTITY[sdk=iphoneos*]" = "iPhone Developer";
				COPY_PHASE_STRIP = NO;
				DEBUG_INFORMATION_FORMAT = dwarf;
				ENABLE_STRICT_OBJC_MSGSEND = YES;
				ENABLE_TESTABILITY = YES;
				GCC_C_LANGUAGE_STANDARD = gnu99;
				GCC_DYNAMIC_NO_PIC = NO;
				GCC_NO_COMMON_BLOCKS = YES;
				GCC_OPTIMIZATION_LEVEL = 0;
				GCC_PREPROCESSOR_DEFINITIONS = (
					"DEBUG=1",
					"$(inherited)",
				);
				GCC_WARN_64_TO_32_BIT_CONVERSION = YES;
				GCC_WARN_ABOUT_RETURN_TYPE = YES_ERROR;
				GCC_WARN_UNDECLARED_SELECTOR = YES;
				GCC_WARN_UNINITIALIZED_AUTOS = YES_AGGRESSIVE;
				GCC_WARN_UNUSED_FUNCTION = YES;
				GCC_WARN_UNUSED_VARIABLE = YES;
				IPHONEOS_DEPLOYMENT_TARGET = 9.0;
				MTL_ENABLE_DEBUG_INFO = YES;
				ONLY_ACTIVE_ARCH = YES;
				SDKROOT = iphoneos;
				TARGETED_DEVICE_FAMILY = "1,2";
			};
			name = Debug;
		};
		05E16C4B1BBBA55100231B1C /* Release */ = {
			isa = XCBuildConfiguration;
			buildSettings = {
				ALWAYS_SEARCH_USER_PATHS = NO;
				CLANG_CXX_LANGUAGE_STANDARD = "gnu++0x";
				CLANG_CXX_LIBRARY = "libc++";
				CLANG_ENABLE_MODULES = YES;
				CLANG_ENABLE_OBJC_ARC = YES;
				CLANG_WARN_BOOL_CONVERSION = YES;
				CLANG_WARN_CONSTANT_CONVERSION = YES;
				CLANG_WARN_DIRECT_OBJC_ISA_USAGE = YES_ERROR;
				CLANG_WARN_EMPTY_BODY = YES;
				CLANG_WARN_ENUM_CONVERSION = YES;
				CLANG_WARN_INT_CONVERSION = YES;
				CLANG_WARN_OBJC_ROOT_CLASS = YES_ERROR;
				CLANG_WARN_UNREACHABLE_CODE = YES;
				CLANG_WARN__DUPLICATE_METHOD_MATCH = YES;
				"CODE_SIGN_IDENTITY[sdk=iphoneos*]" = "iPhone Developer";
				COPY_PHASE_STRIP = NO;
				DEBUG_INFORMATION_FORMAT = "dwarf-with-dsym";
				ENABLE_NS_ASSERTIONS = NO;
				ENABLE_STRICT_OBJC_MSGSEND = YES;
				GCC_C_LANGUAGE_STANDARD = gnu99;
				GCC_NO_COMMON_BLOCKS = YES;
				GCC_WARN_64_TO_32_BIT_CONVERSION = YES;
				GCC_WARN_ABOUT_RETURN_TYPE = YES_ERROR;
				GCC_WARN_UNDECLARED_SELECTOR = YES;
				GCC_WARN_UNINITIALIZED_AUTOS = YES_AGGRESSIVE;
				GCC_WARN_UNUSED_FUNCTION = YES;
				GCC_WARN_UNUSED_VARIABLE = YES;
				IPHONEOS_DEPLOYMENT_TARGET = 9.0;
				MTL_ENABLE_DEBUG_INFO = NO;
				SDKROOT = iphoneos;
				TARGETED_DEVICE_FAMILY = "1,2";
				VALIDATE_PRODUCT = YES;
			};
			name = Release;
		};
		05E16C4D1BBBA55100231B1C /* Debug */ = {
			isa = XCBuildConfiguration;
			buildSettings = {
				ASSETCATALOG_COMPILER_APPICON_NAME = AppIcon;
				INFOPLIST_FILE = level4assignment2/Info.plist;
				LD_RUNPATH_SEARCH_PATHS = "$(inherited) @executable_path/Frameworks";
				PRODUCT_BUNDLE_IDENTIFIER = com.firstProject.level4assignment2;
				PRODUCT_NAME = "$(TARGET_NAME)";
			};
			name = Debug;
		};
		05E16C4E1BBBA55100231B1C /* Release */ = {
			isa = XCBuildConfiguration;
			buildSettings = {
				ASSETCATALOG_COMPILER_APPICON_NAME = AppIcon;
				INFOPLIST_FILE = level4assignment2/Info.plist;
				LD_RUNPATH_SEARCH_PATHS = "$(inherited) @executable_path/Frameworks";
				PRODUCT_BUNDLE_IDENTIFIER = com.firstProject.level4assignment2;
				PRODUCT_NAME = "$(TARGET_NAME)";
			};
			name = Release;
		};
/* End XCBuildConfiguration section */

/* Begin XCConfigurationList section */
		05E16C301BBBA55100231B1C /* Build configuration list for PBXProject "level4assignment2" */ = {
			isa = XCConfigurationList;
			buildConfigurations = (
				05E16C4A1BBBA55100231B1C /* Debug */,
				05E16C4B1BBBA55100231B1C /* Release */,
			);
			defaultConfigurationIsVisible = 0;
			defaultConfigurationName = Release;
		};
		05E16C4C1BBBA55100231B1C /* Build configuration list for PBXNativeTarget "level4assignment2" */ = {
			isa = XCConfigurationList;
			buildConfigurations = (
				05E16C4D1BBBA55100231B1C /* Debug */,
				05E16C4E1BBBA55100231B1C /* Release */,
			);
			defaultConfigurationIsVisible = 0;
			defaultConfigurationName = Release;
		};
/* End XCConfigurationList section */
	};
	rootObject = 05E16C2D1BBBA55100231B1C /* Project object */;
}
